
Microsoft Visual Studio Solution File, Format Version 12.00
# Visual Studio Version 16
VisualStudioVersion = 16.0.31205.134
MinimumVisualStudioVersion = 10.0.40219.1
Project("{9A19103F-16F7-4668-BE54-9A1E7A4F7556}") = "AfterMe.Core", "AfterMe.Core\AfterMe.Core.csproj", "{35AE8EEE-3356-4288-9FAE-75CE3E0534DE}"
EndProject
Project("{FAE04EC0-301F-11D3-BF4B-00C04F79EFBC}") = "AfterMe.ConsoleApp", "AfterMe.ConsoleApp\AfterMe.ConsoleApp.csproj", "{AFA49663-E2BE-413E-99C4-409B585AB954}"
EndProject
Global
	GlobalSection(SolutionConfigurationPlatforms) = preSolution
		Debug|Any CPU = Debug|Any CPU
		Release|Any CPU = Release|Any CPU
	EndGlobalSection
	GlobalSection(ProjectConfigurationPlatforms) = postSolution
		{35AE8EEE-3356-4288-9FAE-75CE3E0534DE}.Debug|Any CPU.ActiveCfg = Debug|Any CPU
		{35AE8EEE-3356-4288-9FAE-75CE3E0534DE}.Debug|Any CPU.Build.0 = Debug|Any CPU
		{35AE8EEE-3356-4288-9FAE-75CE3E0534DE}.Release|Any CPU.ActiveCfg = Release|Any CPU
		{35AE8EEE-3356-4288-9FAE-75CE3E0534DE}.Release|Any CPU.Build.0 = Release|Any CPU
		{AFA49663-E2BE-413E-99C4-409B585AB954}.Debug|Any CPU.ActiveCfg = Debug|Any CPU
		{AFA49663-E2BE-413E-99C4-409B585AB954}.Debug|Any CPU.Build.0 = Debug|Any CPU
		{AFA49663-E2BE-413E-99C4-409B585AB954}.Release|Any CPU.ActiveCfg = Release|Any CPU
		{AFA49663-E2BE-413E-99C4-409B585AB954}.Release|Any CPU.Build.0 = Release|Any CPU
	EndGlobalSection
	GlobalSection(SolutionProperties) = preSolution
		HideSolutionNode = FALSE
	EndGlobalSection
	GlobalSection(ExtensibilityGlobals) = postSolution
		SolutionGuid = {18F80E58-F3CC-4944-888F-4867894CA82D}
	EndGlobalSection
EndGlobal
